{
  "version": 4,
  "terraform_version": "1.14.0",
  "serial": 8,
  "lineage": "bc1f7219-9586-102e-d455-6cf956fb55d4",
  "outputs": {
    "droplet_ips": {
      "value": {
        "dev": "162.243.43.108",
        "prod": "192.241.240.199",
        "test": "162.243.215.80"
      },
      "type": [
        "object",
        {
          "dev": "string",
          "prod": "string",
          "test": "string"
        }
      ]
    }
  },
  "resources": [
    {
      "mode": "managed",
      "type": "digitalocean_droplet",
      "name": "droplet",
      "provider": "provider[\"registry.terraform.io/digitalocean/digitalocean\"]",
      "instances": [
        {
          "index_key": "dev",
          "schema_version": 1,
          "attributes": {
            "backup_policy": [],
            "backups": false,
            "created_at": "2025-12-02T18:20:06Z",
            "disk": 25,
            "droplet_agent": null,
            "graceful_shutdown": false,
            "id": "534025944",
            "image": "ubuntu-22-04-x64",
            "ipv4_address": "162.243.43.108",
            "ipv4_address_private": "10.100.0.5",
            "ipv6": true,
            "ipv6_address": "2604:a880:0:202a::c89f:f000",
            "locked": false,
            "memory": 1024,
            "monitoring": true,
            "name": "dev",
            "price_hourly": 0.00893,
            "price_monthly": 6,
            "private_networking": true,
            "region": "nyc2",
            "resize_disk": true,
            "size": "s-1vcpu-1gb",
            "ssh_keys": [
              "ec:a7:cc:eb:9d:00:fa:d3:33:50:63:b4:b5:1f:65:6e"
            ],
            "status": "active",
            "tags": [
              "dev",
              "webserver"
            ],
            "timeouts": null,
            "urn": "do:droplet:534025944",
            "user_data": "39dcc35d460f32b8673e2e5eca14b77ee2535ea8",
            "vcpus": 1,
            "volume_ids": [],
            "vpc_uuid": "67c7abc2-d93f-4c59-86c3-e6647caf3ebd"
          },
          "sensitive_attributes": [],
          "identity_schema_version": 0,
          "private": "eyJlMmJmYjczMC1lY2FhLTExZTYtOGY4OC0zNDM2M2JjN2M0YzAiOnsiY3JlYXRlIjozNjAwMDAwMDAwMDAwLCJkZWxldGUiOjYwMDAwMDAwMDAwLCJ1cGRhdGUiOjM2MDAwMDAwMDAwMDB9LCJzY2hlbWFfdmVyc2lvbiI6IjEifQ=="
        },
        {
          "index_key": "prod",
          "schema_version": 1,
          "attributes": {
            "backup_policy": [],
            "backups": false,
            "created_at": "2025-12-02T18:20:06Z",
            "disk": 25,
            "droplet_agent": null,
            "graceful_shutdown": false,
            "id": "534025947",
            "image": "ubuntu-22-04-x64",
            "ipv4_address": "192.241.240.199",
            "ipv4_address_private": "10.100.0.3",
            "ipv6": true,
            "ipv6_address": "2604:a880:0:202a::c8a0:1000",
            "locked": false,
            "memory": 1024,
            "monitoring": true,
            "name": "prod",
            "price_hourly": 0.00893,
            "price_monthly": 6,
            "private_networking": true,
            "region": "nyc2",
            "resize_disk": true,
            "size": "s-1vcpu-1gb",
            "ssh_keys": [
              "ec:a7:cc:eb:9d:00:fa:d3:33:50:63:b4:b5:1f:65:6e"
            ],
            "status": "active",
            "tags": [
              "prod",
              "webserver"
            ],
            "timeouts": null,
            "urn": "do:droplet:534025947",
            "user_data": "39dcc35d460f32b8673e2e5eca14b77ee2535ea8",
            "vcpus": 1,
            "volume_ids": [],
            "vpc_uuid": "67c7abc2-d93f-4c59-86c3-e6647caf3ebd"
          },
          "sensitive_attributes": [],
          "identity_schema_version": 0,
          "private": "eyJlMmJmYjczMC1lY2FhLTExZTYtOGY4OC0zNDM2M2JjN2M0YzAiOnsiY3JlYXRlIjozNjAwMDAwMDAwMDAwLCJkZWxldGUiOjYwMDAwMDAwMDAwLCJ1cGRhdGUiOjM2MDAwMDAwMDAwMDB9LCJzY2hlbWFfdmVyc2lvbiI6IjEifQ=="
        },
        {
          "index_key": "test",
          "schema_version": 1,
          "attributes": {
            "backup_policy": [],
            "backups": false,
            "created_at": "2025-12-02T18:20:06Z",
            "disk": 25,
            "droplet_agent": null,
            "graceful_shutdown": false,
            "id": "534025946",
            "image": "ubuntu-22-04-x64",
            "ipv4_address": "162.243.215.80",
            "ipv4_address_private": "10.100.0.4",
            "ipv6": true,
            "ipv6_address": "2604:a880:0:202a::c8a0:0",
            "locked": false,
            "memory": 1024,
            "monitoring": true,
            "name": "test",
            "price_hourly": 0.00893,
            "price_monthly": 6,
            "private_networking": true,
            "region": "nyc2",
            "resize_disk": true,
            "size": "s-1vcpu-1gb",
            "ssh_keys": [
              "ec:a7:cc:eb:9d:00:fa:d3:33:50:63:b4:b5:1f:65:6e"
            ],
            "status": "active",
            "tags": [
              "test",
              "webserver"
            ],
            "timeouts": null,
            "urn": "do:droplet:534025946",
            "user_data": "39dcc35d460f32b8673e2e5eca14b77ee2535ea8",
            "vcpus": 1,
            "volume_ids": [],
            "vpc_uuid": "67c7abc2-d93f-4c59-86c3-e6647caf3ebd"
          },
          "sensitive_attributes": [],
          "identity_schema_version": 0,
          "private": "eyJlMmJmYjczMC1lY2FhLTExZTYtOGY4OC0zNDM2M2JjN2M0YzAiOnsiY3JlYXRlIjozNjAwMDAwMDAwMDAwLCJkZWxldGUiOjYwMDAwMDAwMDAwLCJ1cGRhdGUiOjM2MDAwMDAwMDAwMDB9LCJzY2hlbWFfdmVyc2lvbiI6IjEifQ=="
        }
      ]
    }
  ],
  "check_results": null
}
